
Microsoft Visual Studio Solution File, Format Version 12.00
# Visual Studio Version 17
VisualStudioVersion = 17.14.36203.30 d17.14
MinimumVisualStudioVersion = 10.0.40219.1
Project("{FAE04EC0-301F-11D3-BF4B-00C04F79EFBC}") = "App_CaravanaElgin", "App_CaravanaElgin\App_CaravanaElgin.csproj", "{EB70A77D-C750-4EC5-97DC-AADDD0E3201F}"
EndProject
Global
	GlobalSection(SolutionConfigurationPlatforms) = preSolution
		Debug|Any CPU = Debug|Any CPU
		Release|Any CPU = Release|Any CPU
	EndGlobalSection
	GlobalSection(ProjectConfigurationPlatforms) = postSolution
		{EB70A77D-C750-4EC5-97DC-AADDD0E3201F}.Debug|Any CPU.ActiveCfg = Debug|Any CPU
		{EB70A77D-C750-4EC5-97DC-AADDD0E3201F}.Debug|Any CPU.Build.0 = Debug|Any CPU
		{EB70A77D-C750-4EC5-97DC-AADDD0E3201F}.Release|Any CPU.ActiveCfg = Release|Any CPU
		{EB70A77D-C750-4EC5-97DC-AADDD0E3201F}.Release|Any CPU.Build.0 = Release|Any CPU
	EndGlobalSection
	GlobalSection(SolutionProperties) = preSolution
		HideSolutionNode = FALSE
	EndGlobalSection
	GlobalSection(ExtensibilityGlobals) = postSolution
		SolutionGuid = {75D02685-8568-44D7-8D4A-2D3533FD550A}
	EndGlobalSection
EndGlobal
